
Microsoft Visual Studio Solution File, Format Version 12.00
# Visual Studio Version 16
VisualStudioVersion = 16.0.29911.84
MinimumVisualStudioVersion = 10.0.40219.1
Project("{FAE04EC0-301F-11D3-BF4B-00C04F79EFBC}") = "VentilatorDaemon", "VentilatorDaemon.csproj", "{141335DC-DBAB-4761-A428-C64805B720F1}"
EndProject
Global
	GlobalSection(SolutionConfigurationPlatforms) = preSolution
		Debug|Any CPU = Debug|Any CPU
		Release|Any CPU = Release|Any CPU
	EndGlobalSection
	GlobalSection(ProjectConfigurationPlatforms) = postSolution
		{141335DC-DBAB-4761-A428-C64805B720F1}.Debug|Any CPU.ActiveCfg = Debug|Any CPU
		{141335DC-DBAB-4761-A428-C64805B720F1}.Debug|Any CPU.Build.0 = Debug|Any CPU
		{141335DC-DBAB-4761-A428-C64805B720F1}.Release|Any CPU.ActiveCfg = Release|Any CPU
		{141335DC-DBAB-4761-A428-C64805B720F1}.Release|Any CPU.Build.0 = Release|Any CPU
	EndGlobalSection
	GlobalSection(SolutionProperties) = preSolution
		HideSolutionNode = FALSE
	EndGlobalSection
	GlobalSection(ExtensibilityGlobals) = postSolution
		SolutionGuid = {6D139AE6-1A38-4F95-8797-7575BEAE32C2}
	EndGlobalSection
EndGlobal
